
Microsoft Visual Studio Solution File, Format Version 12.00
# Visual Studio Version 17
VisualStudioVersion = 17.8.34322.80
MinimumVisualStudioVersion = 10.0.40219.1
Project("{FAE04EC0-301F-11D3-BF4B-00C04F79EFBC}") = "SentenceBuilder", "SentenceBuilder\SentenceBuilder.csproj", "{51E61D84-96D1-4DF9-A3A2-C4C46A98E2D1}"
EndProject
Global
	GlobalSection(SolutionConfigurationPlatforms) = preSolution
		Debug|Any CPU = Debug|Any CPU
		Release|Any CPU = Release|Any CPU
	EndGlobalSection
	GlobalSection(ProjectConfigurationPlatforms) = postSolution
		{51E61D84-96D1-4DF9-A3A2-C4C46A98E2D1}.Debug|Any CPU.ActiveCfg = Debug|Any CPU
		{51E61D84-96D1-4DF9-A3A2-C4C46A98E2D1}.Debug|Any CPU.Build.0 = Debug|Any CPU
		{51E61D84-96D1-4DF9-A3A2-C4C46A98E2D1}.Release|Any CPU.ActiveCfg = Release|Any CPU
		{51E61D84-96D1-4DF9-A3A2-C4C46A98E2D1}.Release|Any CPU.Build.0 = Release|Any CPU
	EndGlobalSection
	GlobalSection(SolutionProperties) = preSolution
		HideSolutionNode = FALSE
	EndGlobalSection
	GlobalSection(ExtensibilityGlobals) = postSolution
		SolutionGuid = {7E700F8B-9B76-4DDB-A4B8-21487C76E0CE}
	EndGlobalSection
EndGlobal
